
Microsoft Visual Studio Solution File, Format Version 12.00
# Visual Studio Version 17
VisualStudioVersion = 17.3.32804.467
MinimumVisualStudioVersion = 10.0.40219.1
Project("{2150E333-8FDC-42A3-9474-1A3956D46DE8}") = "src", "src", "{552AF8C9-368E-4EB4-AB98-761D7CFC6B87}"
EndProject
Project("{2150E333-8FDC-42A3-9474-1A3956D46DE8}") = "test", "test", "{0EE54969-0ED3-4B80-9E9E-5EFDB0866577}"
EndProject
Project("{9A19103F-16F7-4668-BE54-9A1E7A4F7556}") = "InfinityComparable", "src\InfinityComparable.csproj", "{A975B147-52B3-4B55-822D-12776F1217F8}"
EndProject
Project("{9A19103F-16F7-4668-BE54-9A1E7A4F7556}") = "InifinityComparable.Tests", "test\InifinityComparable.Tests.csproj", "{C43E9ECC-572A-4EDC-9AC1-C758D58C8967}"
EndProject
Global
	GlobalSection(SolutionConfigurationPlatforms) = preSolution
		Debug|Any CPU = Debug|Any CPU
		Release|Any CPU = Release|Any CPU
	EndGlobalSection
	GlobalSection(ProjectConfigurationPlatforms) = postSolution
		{A975B147-52B3-4B55-822D-12776F1217F8}.Debug|Any CPU.ActiveCfg = Debug|Any CPU
		{A975B147-52B3-4B55-822D-12776F1217F8}.Debug|Any CPU.Build.0 = Debug|Any CPU
		{A975B147-52B3-4B55-822D-12776F1217F8}.Release|Any CPU.ActiveCfg = Release|Any CPU
		{A975B147-52B3-4B55-822D-12776F1217F8}.Release|Any CPU.Build.0 = Release|Any CPU
		{C43E9ECC-572A-4EDC-9AC1-C758D58C8967}.Debug|Any CPU.ActiveCfg = Debug|Any CPU
		{C43E9ECC-572A-4EDC-9AC1-C758D58C8967}.Debug|Any CPU.Build.0 = Debug|Any CPU
		{C43E9ECC-572A-4EDC-9AC1-C758D58C8967}.Release|Any CPU.ActiveCfg = Release|Any CPU
		{C43E9ECC-572A-4EDC-9AC1-C758D58C8967}.Release|Any CPU.Build.0 = Release|Any CPU
	EndGlobalSection
	GlobalSection(SolutionProperties) = preSolution
		HideSolutionNode = FALSE
	EndGlobalSection
	GlobalSection(NestedProjects) = preSolution
		{A975B147-52B3-4B55-822D-12776F1217F8} = {552AF8C9-368E-4EB4-AB98-761D7CFC6B87}
		{C43E9ECC-572A-4EDC-9AC1-C758D58C8967} = {0EE54969-0ED3-4B80-9E9E-5EFDB0866577}
	EndGlobalSection
	GlobalSection(ExtensibilityGlobals) = postSolution
		SolutionGuid = {11D37A32-D183-483F-845C-B14EF011884E}
	EndGlobalSection
EndGlobal
