
Microsoft Visual Studio Solution File, Format Version 12.00
# Visual Studio Version 17
VisualStudioVersion = 17.3.32804.467
MinimumVisualStudioVersion = 10.0.40219.1
Project("{2150E333-8FDC-42A3-9474-1A3956D46DE8}") = "src", "src", "{552AF8C9-368E-4EB4-AB98-761D7CFC6B87}"
EndProject
Project("{2150E333-8FDC-42A3-9474-1A3956D46DE8}") = "test", "test", "{0EE54969-0ED3-4B80-9E9E-5EFDB0866577}"
EndProject
Project("{9A19103F-16F7-4668-BE54-9A1E7A4F7556}") = "UnboundedType", "src\InfinityComparable\UnboundedType.csproj", "{F1E22877-6028-413F-9538-05E8082C94C0}"
EndProject
Project("{9A19103F-16F7-4668-BE54-9A1E7A4F7556}") = "InfinityComparable.Tests", "test\InfinityComparable.Tests\InfinityComparable.Tests.csproj", "{FF3A99AE-9506-461C-9244-74A650934239}"
EndProject
Project("{FAE04EC0-301F-11D3-BF4B-00C04F79EFBC}") = "UnboundedType.Tests", "UnboundedType.Tests\UnboundedType.Tests.csproj", "{7183E4D6-5E09-4C31-B50B-DE4E693025A8}"
EndProject
Global
	GlobalSection(SolutionConfigurationPlatforms) = preSolution
		Debug|Any CPU = Debug|Any CPU
		Release|Any CPU = Release|Any CPU
	EndGlobalSection
	GlobalSection(ProjectConfigurationPlatforms) = postSolution
		{F1E22877-6028-413F-9538-05E8082C94C0}.Debug|Any CPU.ActiveCfg = Debug|Any CPU
		{F1E22877-6028-413F-9538-05E8082C94C0}.Debug|Any CPU.Build.0 = Debug|Any CPU
		{F1E22877-6028-413F-9538-05E8082C94C0}.Release|Any CPU.ActiveCfg = Release|Any CPU
		{F1E22877-6028-413F-9538-05E8082C94C0}.Release|Any CPU.Build.0 = Release|Any CPU
		{FF3A99AE-9506-461C-9244-74A650934239}.Debug|Any CPU.ActiveCfg = Debug|Any CPU
		{FF3A99AE-9506-461C-9244-74A650934239}.Debug|Any CPU.Build.0 = Debug|Any CPU
		{FF3A99AE-9506-461C-9244-74A650934239}.Release|Any CPU.ActiveCfg = Release|Any CPU
		{FF3A99AE-9506-461C-9244-74A650934239}.Release|Any CPU.Build.0 = Release|Any CPU
		{7183E4D6-5E09-4C31-B50B-DE4E693025A8}.Debug|Any CPU.ActiveCfg = Debug|Any CPU
		{7183E4D6-5E09-4C31-B50B-DE4E693025A8}.Debug|Any CPU.Build.0 = Debug|Any CPU
		{7183E4D6-5E09-4C31-B50B-DE4E693025A8}.Release|Any CPU.ActiveCfg = Release|Any CPU
		{7183E4D6-5E09-4C31-B50B-DE4E693025A8}.Release|Any CPU.Build.0 = Release|Any CPU
	EndGlobalSection
	GlobalSection(SolutionProperties) = preSolution
		HideSolutionNode = FALSE
	EndGlobalSection
	GlobalSection(NestedProjects) = preSolution
		{F1E22877-6028-413F-9538-05E8082C94C0} = {552AF8C9-368E-4EB4-AB98-761D7CFC6B87}
		{FF3A99AE-9506-461C-9244-74A650934239} = {0EE54969-0ED3-4B80-9E9E-5EFDB0866577}
		{7183E4D6-5E09-4C31-B50B-DE4E693025A8} = {0EE54969-0ED3-4B80-9E9E-5EFDB0866577}
	EndGlobalSection
	GlobalSection(ExtensibilityGlobals) = postSolution
		SolutionGuid = {11D37A32-D183-483F-845C-B14EF011884E}
	EndGlobalSection
EndGlobal
